<?xml version="1.0" encoding="utf-8"?>
<Project ToolsVersion="4.0" xmlns="http://schemas.microsoft.com/developer/msbuild/2003">
  <ItemGroup>
    <Filter Include="Source Files">
      <UniqueIdentifier>{4FC737F1-C7A5-4376-A066-2A32D752A2FF}</UniqueIdentifier>
      <Extensions>cpp;c;cc;cxx;c++;cppm;ixx;def;odl;idl;hpj;bat;asm;asmx</Extensions>
    </Filter>
    <Filter Include="Header Files">
      <UniqueIdentifier>{93995380-89BD-4b04-88EB-625FBE52EBFB}</UniqueIdentifier>
      <Extensions>h;hh;hpp;hxx;h++;hm;inl;inc;ipp;xsd</Extensions>
    </Filter>
    <Filter Include="Resource Files">
      <UniqueIdentifier>{67DA6AB6-F800-4c08-8B7A-83BB121AAD01}</UniqueIdentifier>
      <Extensions>rc;ico;cur;bmp;dlg;rc2;rct;bin;rgs;gif;jpg;jpeg;jpe;resx;tiff;tif;png;wav;mfcribbon-ms</Extensions>
    </Filter>
  </ItemGroup>
  <ItemGroup>
    <ClCompile Include="src\Main.cpp">
      <Filter>Source Files</Filter>
    </ClCompile>
    <ClCompile Include="src\ves\Camera.cpp">
      <Filter>Source Files</Filter>
    </ClCompile>
    <ClCompile Include="src\thr\stb_image\stb_image.cpp">
      <Filter>Source Files</Filter>
    </ClCompile>
    <ClCompile Include="src\ves\GameSetting\Shader.cpp">
      <Filter>Source Files</Filter>
    </ClCompile>
    <ClCompile Include="src\ves\GameSetting\VertexBuffer.cpp">
      <Filter>Source Files</Filter>
    </ClCompile>
    <ClCompile Include="src\ves\GameSetting\VertexArray.cpp">
      <Filter>Source Files</Filter>
    </ClCompile>
  </ItemGroup>
  <ItemGroup>
    <ClInclude Include="src\ves\Camera.h">
      <Filter>Header Files</Filter>
    </ClInclude>
    <ClInclude Include="src\ves\ReadVertex.h">
      <Filter>Header Files</Filter>
    </ClInclude>
    <ClInclude Include="Dependencies\Texture\stb_image.h">
      <Filter>Header Files</Filter>
    </ClInclude>
    <ClInclude Include="src\thr\stb_image\stb_image.h">
      <Filter>Header Files</Filter>
    </ClInclude>
    <ClInclude Include="src\ves\GameSetting\Shader.h">
      <Filter>Header Files</Filter>
    </ClInclude>
    <ClInclude Include="src\ves\GameSetting\VertexArray.h">
      <Filter>Header Files</Filter>
    </ClInclude>
    <ClInclude Include="src\ves\GameSetting\VertexBuffer.h">
      <Filter>Header Files</Filter>
    </ClInclude>
    <ClInclude Include="src\ves\GameSetting\VertexBufferLayout.h">
      <Filter>Header Files</Filter>
    </ClInclude>
    <ClInclude Include="src\CubeGameObject.h">
      <Filter>Header Files</Filter>
    </ClInclude>
    <ClInclude Include="src\LandLoader.h">
      <Filter>Header Files</Filter>
    </ClInclude>
  </ItemGroup>
  <ItemGroup>
    <None Include="res\shader\basic.vert" />
    <None Include="res\shader\basic.frag" />
    <None Include="res\shader\skybox.vert" />
    <None Include="res\shader\skybox.frag" />
  </ItemGroup>
  <ItemGroup>
    <Text Include="res\vertex\cube.txt" />
  </ItemGroup>
  <ItemGroup>
    <Image Include="res\texture\terrian\grass_block\back.png">
      <Filter>Resource Files</Filter>
    </Image>
    <Image Include="res\texture\terrian\grass_block\bottom.png">
      <Filter>Resource Files</Filter>
    </Image>
    <Image Include="res\texture\terrian\grass_block\front.png">
      <Filter>Resource Files</Filter>
    </Image>
    <Image Include="res\texture\terrian\grass_block\left.png">
      <Filter>Resource Files</Filter>
    </Image>
    <Image Include="res\texture\terrian\grass_block\right.png">
      <Filter>Resource Files</Filter>
    </Image>
    <Image Include="res\texture\terrian\grass_block\top.png">
      <Filter>Resource Files</Filter>
    </Image>
    <Image Include="res\texture\terrian\grass_block\crazyhat.jpg">
      <Filter>Resource Files</Filter>
    </Image>
    <Image Include="res\texture\skybox\back.jpg">
      <Filter>Resource Files</Filter>
    </Image>
    <Image Include="res\texture\skybox\bottom.jpg">
      <Filter>Resource Files</Filter>
    </Image>
    <Image Include="res\texture\skybox\front.jpg">
      <Filter>Resource Files</Filter>
    </Image>
    <Image Include="res\texture\skybox\left.jpg">
      <Filter>Resource Files</Filter>
    </Image>
    <Image Include="res\texture\skybox\right.jpg">
      <Filter>Resource Files</Filter>
    </Image>
    <Image Include="res\texture\skybox\top.jpg">
      <Filter>Resource Files</Filter>
    </Image>
    <Image Include="res\texture\skybox\back.png">
      <Filter>Resource Files</Filter>
    </Image>
    <Image Include="res\texture\skybox\bottom.png">
      <Filter>Resource Files</Filter>
    </Image>
    <Image Include="res\texture\skybox\front.png">
      <Filter>Resource Files</Filter>
    </Image>
    <Image Include="res\texture\skybox\left.png">
      <Filter>Resource Files</Filter>
    </Image>
    <Image Include="res\texture\skybox\right.png">
      <Filter>Resource Files</Filter>
    </Image>
    <Image Include="res\texture\skybox\top.png">
      <Filter>Resource Files</Filter>
    </Image>
  </ItemGroup>
</Project>